PODS:
  - FBSnapshotTestCase (1.5)
  - Nimble (0.3.1)
  - Nimble-Snapshots (0.3):
    - FBSnapshotTestCase (~> 1.5)
    - Nimble (~> 0.3)
    - Quick (~> 0.2)
  - Quick (0.2.2)

DEPENDENCIES:
  - Nimble (from `https://github.com/Quick/Nimble.git`, branch `swift-1.1`)
  - Nimble-Snapshots
  - Quick (from `https://github.com/Quick/Quick.git`, branch `swift-1.1`)

EXTERNAL SOURCES:
  Nimble:
    :branch: swift-1.1
    :git: https://github.com/Quick/Nimble.git
  Quick:
    :branch: swift-1.1
    :git: https://github.com/Quick/Quick.git

CHECKOUT OPTIONS:
  Nimble:
    :commit: 1088d5f70497f34be946e3e2829a10529f7bea8e
    :git: https://github.com/Quick/Nimble.git
  Quick:
    :commit: f8c9ff9f499fc5ea72ff55c1c5eed32e1ff303ea
    :git: https://github.com/Quick/Quick.git

SPEC CHECKSUMS:
  FBSnapshotTestCase: e2914fbaabccea1dcc773d6a16b1c24540642488
  Nimble: 1b3c765852d63b9540a91e528e1e4f8afab79b6f
  Nimble-Snapshots: b2677e1b7f493eae6288cc8b71fceab4ffb496a5
  Quick: 1bda8b4c8d43f6b4dd69ca001918b1767b3c9c93

COCOAPODS: 0.36.0
