// !$*UTF8*$!
{
	archiveVersion = 1;
	classes = {
	};
	objectVersion = 46;
	objects = {

/* Begin PBXBuildFile section */
		A1441E351AADD59100973761 /* Concorde.h in Headers */ = {isa = PBXBuildFile; fileRef = A1441E341AADD59100973761 /* Concorde.h */; settings = {ATTRIBUTES = (Public, ); }; };
		A1441E3B1AADD59100973761 /* Concorde.framework in Frameworks */ = {isa = PBXBuildFile; fileRef = A1441E2F1AADD59100973761 /* Concorde.framework */; };
		A1441E421AADD59100973761 /* ConcordeTests.swift in Sources */ = {isa = PBXBuildFile; fileRef = A1441E411AADD59100973761 /* ConcordeTests.swift */; };
		A1691EE01AAF008D00AADD22 /* CCBufferedImageDecoder.h in Headers */ = {isa = PBXBuildFile; fileRef = A1691EDE1AAF008D00AADD22 /* CCBufferedImageDecoder.h */; settings = {ATTRIBUTES = (Public, ); }; };
		A1691EE11AAF008D00AADD22 /* CCBufferedImageDecoder.m in Sources */ = {isa = PBXBuildFile; fileRef = A1691EDF1AAF008D00AADD22 /* CCBufferedImageDecoder.m */; };
		A1691EE31AAF034E00AADD22 /* libturbojpeg.a in Frameworks */ = {isa = PBXBuildFile; fileRef = A1691EE21AAF034E00AADD22 /* libturbojpeg.a */; };
		A1691EE91AAF21EF00AADD22 /* non-progressive.jpg in Resources */ = {isa = PBXBuildFile; fileRef = A1691EE51AAF206B00AADD22 /* non-progressive.jpg */; };
		A1691EEA1AAF21F100AADD22 /* progressive.jpg in Resources */ = {isa = PBXBuildFile; fileRef = A1691EE61AAF206B00AADD22 /* progressive.jpg */; };
		A1691EEC1AAF554500AADD22 /* ReferenceImages in Resources */ = {isa = PBXBuildFile; fileRef = A1691EEB1AAF554500AADD22 /* ReferenceImages */; };
		A16BEDF61AB042A80089C2FE /* AppDelegate.swift in Sources */ = {isa = PBXBuildFile; fileRef = A16BEDF51AB042A80089C2FE /* AppDelegate.swift */; };
		A16BEE141AB046ED0089C2FE /* CCBufferedImageView.swift in Sources */ = {isa = PBXBuildFile; fileRef = A16BEE131AB046ED0089C2FE /* CCBufferedImageView.swift */; };
		A16BEE151AB049C60089C2FE /* Concorde.framework in Frameworks */ = {isa = PBXBuildFile; fileRef = A1441E2F1AADD59100973761 /* Concorde.framework */; };
		A16BEE161AB049C60089C2FE /* Concorde.framework in Embed Frameworks */ = {isa = PBXBuildFile; fileRef = A1441E2F1AADD59100973761 /* Concorde.framework */; settings = {ATTRIBUTES = (CodeSignOnCopy, RemoveHeadersOnCopy, ); }; };
		D5AD8EDE87356F39B0D8349D /* Pods_ConcordeTests.framework in Frameworks */ = {isa = PBXBuildFile; fileRef = 2AD1905452D3DF48A0334F20 /* Pods_ConcordeTests.framework */; settings = {ATTRIBUTES = (Weak, ); }; };
/* End PBXBuildFile section */

/* Begin PBXContainerItemProxy section */
		A1441E3C1AADD59100973761 /* PBXContainerItemProxy */ = {
			isa = PBXContainerItemProxy;
			containerPortal = A1441E261AADD59100973761 /* Project object */;
			proxyType = 1;
			remoteGlobalIDString = A1441E2E1AADD59100973761;
			remoteInfo = Concorde;
		};
		A16BEE171AB049C60089C2FE /* PBXContainerItemProxy */ = {
			isa = PBXContainerItemProxy;
			containerPortal = A1441E261AADD59100973761 /* Project object */;
			proxyType = 1;
			remoteGlobalIDString = A1441E2E1AADD59100973761;
			remoteInfo = Concorde;
		};
/* End PBXContainerItemProxy section */

/* Begin PBXCopyFilesBuildPhase section */
		A16BEE191AB049C60089C2FE /* Embed Frameworks */ = {
			isa = PBXCopyFilesBuildPhase;
			buildActionMask = 2147483647;
			dstPath = "";
			dstSubfolderSpec = 10;
			files = (
				A16BEE161AB049C60089C2FE /* Concorde.framework in Embed Frameworks */,
			);
			name = "Embed Frameworks";
			runOnlyForDeploymentPostprocessing = 0;
		};
/* End PBXCopyFilesBuildPhase section */

/* Begin PBXFileReference section */
		2AD1905452D3DF48A0334F20 /* Pods_ConcordeTests.framework */ = {isa = PBXFileReference; explicitFileType = wrapper.framework; includeInIndex = 0; path = Pods_ConcordeTests.framework; sourceTree = BUILT_PRODUCTS_DIR; };
		347B4509BA485E5DA43F0FD1 /* Pods-ConcordeTests.debug.xcconfig */ = {isa = PBXFileReference; includeInIndex = 1; lastKnownFileType = text.xcconfig; name = "Pods-ConcordeTests.debug.xcconfig"; path = "Pods/Target Support Files/Pods-ConcordeTests/Pods-ConcordeTests.debug.xcconfig"; sourceTree = "<group>"; };
		A1441E2F1AADD59100973761 /* Concorde.framework */ = {isa = PBXFileReference; explicitFileType = wrapper.framework; includeInIndex = 0; path = Concorde.framework; sourceTree = BUILT_PRODUCTS_DIR; };
		A1441E331AADD59100973761 /* Info.plist */ = {isa = PBXFileReference; lastKnownFileType = text.plist.xml; path = Info.plist; sourceTree = "<group>"; };
		A1441E341AADD59100973761 /* Concorde.h */ = {isa = PBXFileReference; lastKnownFileType = sourcecode.c.h; path = Concorde.h; sourceTree = "<group>"; };
		A1441E3A1AADD59100973761 /* ConcordeTests.xctest */ = {isa = PBXFileReference; explicitFileType = wrapper.cfbundle; includeInIndex = 0; path = ConcordeTests.xctest; sourceTree = BUILT_PRODUCTS_DIR; };
		A1441E401AADD59100973761 /* Info.plist */ = {isa = PBXFileReference; lastKnownFileType = text.plist.xml; path = Info.plist; sourceTree = "<group>"; };
		A1441E411AADD59100973761 /* ConcordeTests.swift */ = {isa = PBXFileReference; lastKnownFileType = sourcecode.swift; path = ConcordeTests.swift; sourceTree = "<group>"; };
		A1691EDE1AAF008D00AADD22 /* CCBufferedImageDecoder.h */ = {isa = PBXFileReference; fileEncoding = 4; lastKnownFileType = sourcecode.c.h; path = CCBufferedImageDecoder.h; sourceTree = "<group>"; };
		A1691EDF1AAF008D00AADD22 /* CCBufferedImageDecoder.m */ = {isa = PBXFileReference; fileEncoding = 4; lastKnownFileType = sourcecode.c.objc; path = CCBufferedImageDecoder.m; sourceTree = "<group>"; };
		A1691EE21AAF034E00AADD22 /* libturbojpeg.a */ = {isa = PBXFileReference; lastKnownFileType = archive.ar; name = libturbojpeg.a; path = "vendor/libjpeg-turbo/lib/libturbojpeg.a"; sourceTree = "<group>"; };
		A1691EE51AAF206B00AADD22 /* non-progressive.jpg */ = {isa = PBXFileReference; lastKnownFileType = image.jpeg; path = "non-progressive.jpg"; sourceTree = "<group>"; };
		A1691EE61AAF206B00AADD22 /* progressive.jpg */ = {isa = PBXFileReference; lastKnownFileType = image.jpeg; path = progressive.jpg; sourceTree = "<group>"; };
		A1691EEB1AAF554500AADD22 /* ReferenceImages */ = {isa = PBXFileReference; lastKnownFileType = folder; path = ReferenceImages; sourceTree = "<group>"; };
		A16BEDF11AB042A80089C2FE /* Example.app */ = {isa = PBXFileReference; explicitFileType = wrapper.application; includeInIndex = 0; path = Example.app; sourceTree = BUILT_PRODUCTS_DIR; };
		A16BEDF41AB042A80089C2FE /* Info.plist */ = {isa = PBXFileReference; lastKnownFileType = text.plist.xml; path = Info.plist; sourceTree = "<group>"; };
		A16BEDF51AB042A80089C2FE /* AppDelegate.swift */ = {isa = PBXFileReference; lastKnownFileType = sourcecode.swift; path = AppDelegate.swift; sourceTree = "<group>"; };
		A16BEE131AB046ED0089C2FE /* CCBufferedImageView.swift */ = {isa = PBXFileReference; fileEncoding = 4; lastKnownFileType = sourcecode.swift; path = CCBufferedImageView.swift; sourceTree = "<group>"; };
		F427F11F3590B252FFC22D6C /* Pods-ConcordeTests.release.xcconfig */ = {isa = PBXFileReference; includeInIndex = 1; lastKnownFileType = text.xcconfig; name = "Pods-ConcordeTests.release.xcconfig"; path = "Pods/Target Support Files/Pods-ConcordeTests/Pods-ConcordeTests.release.xcconfig"; sourceTree = "<group>"; };
/* End PBXFileReference section */

/* Begin PBXFrameworksBuildPhase section */
		A1441E2B1AADD59100973761 /* Frameworks */ = {
			isa = PBXFrameworksBuildPhase;
			buildActionMask = 2147483647;
			files = (
				A1691EE31AAF034E00AADD22 /* libturbojpeg.a in Frameworks */,
			);
			runOnlyForDeploymentPostprocessing = 0;
		};
		A1441E371AADD59100973761 /* Frameworks */ = {
			isa = PBXFrameworksBuildPhase;
			buildActionMask = 2147483647;
			files = (
				A1441E3B1AADD59100973761 /* Concorde.framework in Frameworks */,
				D5AD8EDE87356F39B0D8349D /* Pods_ConcordeTests.framework in Frameworks */,
			);
			runOnlyForDeploymentPostprocessing = 0;
		};
		A16BEDEE1AB042A80089C2FE /* Frameworks */ = {
			isa = PBXFrameworksBuildPhase;
			buildActionMask = 2147483647;
			files = (
				A16BEE151AB049C60089C2FE /* Concorde.framework in Frameworks */,
			);
			runOnlyForDeploymentPostprocessing = 0;
		};
/* End PBXFrameworksBuildPhase section */

/* Begin PBXGroup section */
		7D4611DF3DC13B8615C5E2C2 /* Pods */ = {
			isa = PBXGroup;
			children = (
				347B4509BA485E5DA43F0FD1 /* Pods-ConcordeTests.debug.xcconfig */,
				F427F11F3590B252FFC22D6C /* Pods-ConcordeTests.release.xcconfig */,
			);
			name = Pods;
			sourceTree = "<group>";
		};
		A1441E251AADD59100973761 = {
			isa = PBXGroup;
			children = (
				A1441E311AADD59100973761 /* Code */,
				A16BEDF21AB042A80089C2FE /* Example */,
				A1691EE41AAF035700AADD22 /* Frameworks */,
				7D4611DF3DC13B8615C5E2C2 /* Pods */,
				A1441E301AADD59100973761 /* Products */,
				A1441E3E1AADD59100973761 /* Tests */,
			);
			sourceTree = "<group>";
		};
		A1441E301AADD59100973761 /* Products */ = {
			isa = PBXGroup;
			children = (
				A1441E2F1AADD59100973761 /* Concorde.framework */,
				A1441E3A1AADD59100973761 /* ConcordeTests.xctest */,
				A16BEDF11AB042A80089C2FE /* Example.app */,
			);
			name = Products;
			sourceTree = "<group>";
		};
		A1441E311AADD59100973761 /* Code */ = {
			isa = PBXGroup;
			children = (
				A1691EDE1AAF008D00AADD22 /* CCBufferedImageDecoder.h */,
				A1691EDF1AAF008D00AADD22 /* CCBufferedImageDecoder.m */,
				A16BEE131AB046ED0089C2FE /* CCBufferedImageView.swift */,
				A1441E341AADD59100973761 /* Concorde.h */,
				A1441E331AADD59100973761 /* Info.plist */,
			);
			path = Code;
			sourceTree = "<group>";
		};
		A1441E3E1AADD59100973761 /* Tests */ = {
			isa = PBXGroup;
			children = (
				A1691EEB1AAF554500AADD22 /* ReferenceImages */,
				A1441E411AADD59100973761 /* ConcordeTests.swift */,
				A1441E401AADD59100973761 /* Info.plist */,
				A1691EE51AAF206B00AADD22 /* non-progressive.jpg */,
				A1691EE61AAF206B00AADD22 /* progressive.jpg */,
			);
			path = Tests;
			sourceTree = "<group>";
		};
		A1691EE41AAF035700AADD22 /* Frameworks */ = {
			isa = PBXGroup;
			children = (
				A1691EE21AAF034E00AADD22 /* libturbojpeg.a */,
				2AD1905452D3DF48A0334F20 /* Pods_ConcordeTests.framework */,
			);
			name = Frameworks;
			sourceTree = "<group>";
		};
		A16BEDF21AB042A80089C2FE /* Example */ = {
			isa = PBXGroup;
			children = (
				A16BEDF51AB042A80089C2FE /* AppDelegate.swift */,
				A16BEDF41AB042A80089C2FE /* Info.plist */,
			);
			path = Example;
			sourceTree = "<group>";
		};
/* End PBXGroup section */

/* Begin PBXHeadersBuildPhase section */
		A1441E2C1AADD59100973761 /* Headers */ = {
			isa = PBXHeadersBuildPhase;
			buildActionMask = 2147483647;
			files = (
				A1691EE01AAF008D00AADD22 /* CCBufferedImageDecoder.h in Headers */,
				A1441E351AADD59100973761 /* Concorde.h in Headers */,
			);
			runOnlyForDeploymentPostprocessing = 0;
		};
/* End PBXHeadersBuildPhase section */

/* Begin PBXNativeTarget section */
		A1441E2E1AADD59100973761 /* Concorde */ = {
			isa = PBXNativeTarget;
			buildConfigurationList = A1441E451AADD59100973761 /* Build configuration list for PBXNativeTarget "Concorde" */;
			buildPhases = (
				A1441E2A1AADD59100973761 /* Sources */,
				A1441E2B1AADD59100973761 /* Frameworks */,
				A1441E2C1AADD59100973761 /* Headers */,
				A1441E2D1AADD59100973761 /* Resources */,
			);
			buildRules = (
			);
			dependencies = (
			);
			name = Concorde;
			productName = Concorde;
			productReference = A1441E2F1AADD59100973761 /* Concorde.framework */;
			productType = "com.apple.product-type.framework";
		};
		A1441E391AADD59100973761 /* ConcordeTests */ = {
			isa = PBXNativeTarget;
			buildConfigurationList = A1441E481AADD59100973761 /* Build configuration list for PBXNativeTarget "ConcordeTests" */;
			buildPhases = (
				724CE6E425B013781D6F5FA0 /* Check Pods Manifest.lock */,
				A1441E361AADD59100973761 /* Sources */,
				A1441E371AADD59100973761 /* Frameworks */,
				A1441E381AADD59100973761 /* Resources */,
				B01F6E58CE50380E3BD7E671 /* Embed Pods Frameworks */,
				681C6D6065901B71223DCC14 /* Copy Pods Resources */,
			);
			buildRules = (
			);
			dependencies = (
				A1441E3D1AADD59100973761 /* PBXTargetDependency */,
			);
			name = ConcordeTests;
			productName = ConcordeTests;
			productReference = A1441E3A1AADD59100973761 /* ConcordeTests.xctest */;
			productType = "com.apple.product-type.bundle.unit-test";
		};
		A16BEDF01AB042A80089C2FE /* Example */ = {
			isa = PBXNativeTarget;
			buildConfigurationList = A16BEE111AB042A80089C2FE /* Build configuration list for PBXNativeTarget "Example" */;
			buildPhases = (
				A16BEDED1AB042A80089C2FE /* Sources */,
				A16BEDEE1AB042A80089C2FE /* Frameworks */,
				A16BEDEF1AB042A80089C2FE /* Resources */,
				A16BEE191AB049C60089C2FE /* Embed Frameworks */,
			);
			buildRules = (
			);
			dependencies = (
				A16BEE181AB049C60089C2FE /* PBXTargetDependency */,
			);
			name = Example;
			productName = Example;
			productReference = A16BEDF11AB042A80089C2FE /* Example.app */;
			productType = "com.apple.product-type.application";
		};
/* End PBXNativeTarget section */

/* Begin PBXProject section */
		A1441E261AADD59100973761 /* Project object */ = {
			isa = PBXProject;
			attributes = {
				LastUpgradeCheck = 0610;
				ORGANIZATIONNAME = "Contentful GmbH";
				TargetAttributes = {
					A1441E2E1AADD59100973761 = {
						CreatedOnToolsVersion = 6.1.1;
					};
					A1441E391AADD59100973761 = {
						CreatedOnToolsVersion = 6.1.1;
					};
					A16BEDF01AB042A80089C2FE = {
						CreatedOnToolsVersion = 6.2;
					};
				};
			};
			buildConfigurationList = A1441E291AADD59100973761 /* Build configuration list for PBXProject "Concorde" */;
			compatibilityVersion = "Xcode 3.2";
			developmentRegion = English;
			hasScannedForEncodings = 0;
			knownRegions = (
				en,
				Base,
			);
			mainGroup = A1441E251AADD59100973761;
			productRefGroup = A1441E301AADD59100973761 /* Products */;
			projectDirPath = "";
			projectRoot = "";
			targets = (
				A1441E2E1AADD59100973761 /* Concorde */,
				A1441E391AADD59100973761 /* ConcordeTests */,
				A16BEDF01AB042A80089C2FE /* Example */,
			);
		};
/* End PBXProject section */

/* Begin PBXResourcesBuildPhase section */
		A1441E2D1AADD59100973761 /* Resources */ = {
			isa = PBXResourcesBuildPhase;
			buildActionMask = 2147483647;
			files = (
			);
			runOnlyForDeploymentPostprocessing = 0;
		};
		A1441E381AADD59100973761 /* Resources */ = {
			isa = PBXResourcesBuildPhase;
			buildActionMask = 2147483647;
			files = (
				A1691EEC1AAF554500AADD22 /* ReferenceImages in Resources */,
				A1691EE91AAF21EF00AADD22 /* non-progressive.jpg in Resources */,
				A1691EEA1AAF21F100AADD22 /* progressive.jpg in Resources */,
			);
			runOnlyForDeploymentPostprocessing = 0;
		};
		A16BEDEF1AB042A80089C2FE /* Resources */ = {
			isa = PBXResourcesBuildPhase;
			buildActionMask = 2147483647;
			files = (
			);
			runOnlyForDeploymentPostprocessing = 0;
		};
/* End PBXResourcesBuildPhase section */

/* Begin PBXShellScriptBuildPhase section */
		681C6D6065901B71223DCC14 /* Copy Pods Resources */ = {
			isa = PBXShellScriptBuildPhase;
			buildActionMask = 2147483647;
			files = (
			);
			inputPaths = (
			);
			name = "Copy Pods Resources";
			outputPaths = (
			);
			runOnlyForDeploymentPostprocessing = 0;
			shellPath = /bin/sh;
			shellScript = "\"${SRCROOT}/Pods/Target Support Files/Pods-ConcordeTests/Pods-ConcordeTests-resources.sh\"\n";
			showEnvVarsInLog = 0;
		};
		724CE6E425B013781D6F5FA0 /* Check Pods Manifest.lock */ = {
			isa = PBXShellScriptBuildPhase;
			buildActionMask = 2147483647;
			files = (
			);
			inputPaths = (
			);
			name = "Check Pods Manifest.lock";
			outputPaths = (
			);
			runOnlyForDeploymentPostprocessing = 0;
			shellPath = /bin/sh;
			shellScript = "diff \"${PODS_ROOT}/../Podfile.lock\" \"${PODS_ROOT}/Manifest.lock\" > /dev/null\nif [[ $? != 0 ]] ; then\n    cat << EOM\nerror: The sandbox is not in sync with the Podfile.lock. Run 'pod install' or update your CocoaPods installation.\nEOM\n    exit 1\nfi\n";
			showEnvVarsInLog = 0;
		};
		B01F6E58CE50380E3BD7E671 /* Embed Pods Frameworks */ = {
			isa = PBXShellScriptBuildPhase;
			buildActionMask = 2147483647;
			files = (
			);
			inputPaths = (
			);
			name = "Embed Pods Frameworks";
			outputPaths = (
			);
			runOnlyForDeploymentPostprocessing = 0;
			shellPath = /bin/sh;
			shellScript = "\"${SRCROOT}/Pods/Target Support Files/Pods-ConcordeTests/Pods-ConcordeTests-frameworks.sh\"\n";
			showEnvVarsInLog = 0;
		};
/* End PBXShellScriptBuildPhase section */

/* Begin PBXSourcesBuildPhase section */
		A1441E2A1AADD59100973761 /* Sources */ = {
			isa = PBXSourcesBuildPhase;
			buildActionMask = 2147483647;
			files = (
				A1691EE11AAF008D00AADD22 /* CCBufferedImageDecoder.m in Sources */,
				A16BEE141AB046ED0089C2FE /* CCBufferedImageView.swift in Sources */,
			);
			runOnlyForDeploymentPostprocessing = 0;
		};
		A1441E361AADD59100973761 /* Sources */ = {
			isa = PBXSourcesBuildPhase;
			buildActionMask = 2147483647;
			files = (
				A1441E421AADD59100973761 /* ConcordeTests.swift in Sources */,
			);
			runOnlyForDeploymentPostprocessing = 0;
		};
		A16BEDED1AB042A80089C2FE /* Sources */ = {
			isa = PBXSourcesBuildPhase;
			buildActionMask = 2147483647;
			files = (
				A16BEDF61AB042A80089C2FE /* AppDelegate.swift in Sources */,
			);
			runOnlyForDeploymentPostprocessing = 0;
		};
/* End PBXSourcesBuildPhase section */

/* Begin PBXTargetDependency section */
		A1441E3D1AADD59100973761 /* PBXTargetDependency */ = {
			isa = PBXTargetDependency;
			target = A1441E2E1AADD59100973761 /* Concorde */;
			targetProxy = A1441E3C1AADD59100973761 /* PBXContainerItemProxy */;
		};
		A16BEE181AB049C60089C2FE /* PBXTargetDependency */ = {
			isa = PBXTargetDependency;
			target = A1441E2E1AADD59100973761 /* Concorde */;
			targetProxy = A16BEE171AB049C60089C2FE /* PBXContainerItemProxy */;
		};
/* End PBXTargetDependency section */

/* Begin XCBuildConfiguration section */
		A1441E431AADD59100973761 /* Debug */ = {
			isa = XCBuildConfiguration;
			buildSettings = {
				ALWAYS_SEARCH_USER_PATHS = NO;
				CLANG_CXX_LANGUAGE_STANDARD = "gnu++0x";
				CLANG_CXX_LIBRARY = "libc++";
				CLANG_ENABLE_MODULES = YES;
				CLANG_ENABLE_OBJC_ARC = YES;
				CLANG_WARN_BOOL_CONVERSION = YES;
				CLANG_WARN_CONSTANT_CONVERSION = YES;
				CLANG_WARN_DIRECT_OBJC_ISA_USAGE = YES_ERROR;
				CLANG_WARN_EMPTY_BODY = YES;
				CLANG_WARN_ENUM_CONVERSION = YES;
				CLANG_WARN_INT_CONVERSION = YES;
				CLANG_WARN_OBJC_ROOT_CLASS = YES_ERROR;
				CLANG_WARN_UNREACHABLE_CODE = YES;
				CLANG_WARN__DUPLICATE_METHOD_MATCH = YES;
				"CODE_SIGN_IDENTITY[sdk=iphoneos*]" = "iPhone Developer";
				COPY_PHASE_STRIP = NO;
				CURRENT_PROJECT_VERSION = 1;
				ENABLE_STRICT_OBJC_MSGSEND = YES;
				GCC_C_LANGUAGE_STANDARD = gnu99;
				GCC_DYNAMIC_NO_PIC = NO;
				GCC_OPTIMIZATION_LEVEL = 0;
				GCC_PREPROCESSOR_DEFINITIONS = (
					"DEBUG=1",
					"$(inherited)",
				);
				GCC_SYMBOLS_PRIVATE_EXTERN = NO;
				GCC_WARN_64_TO_32_BIT_CONVERSION = YES;
				GCC_WARN_ABOUT_RETURN_TYPE = YES_ERROR;
				GCC_WARN_UNDECLARED_SELECTOR = YES;
				GCC_WARN_UNINITIALIZED_AUTOS = YES_AGGRESSIVE;
				GCC_WARN_UNUSED_FUNCTION = YES;
				GCC_WARN_UNUSED_VARIABLE = YES;
				HEADER_SEARCH_PATHS = (
					"$(inherited)",
					/Applications/Xcode.app/Contents/Developer/Toolchains/XcodeDefault.xctoolchain/usr/include,
					"$(SRCROOT)/vendor/libjpeg-turbo/include",
				);
				IPHONEOS_DEPLOYMENT_TARGET = 8.1;
				MTL_ENABLE_DEBUG_INFO = YES;
				ONLY_ACTIVE_ARCH = YES;
				SDKROOT = iphoneos;
				SWIFT_OPTIMIZATION_LEVEL = "-Onone";
				TARGETED_DEVICE_FAMILY = "1,2";
				VERSIONING_SYSTEM = "apple-generic";
				VERSION_INFO_PREFIX = "";
			};
			name = Debug;
		};
		A1441E441AADD59100973761 /* Release */ = {
			isa = XCBuildConfiguration;
			buildSettings = {
				ALWAYS_SEARCH_USER_PATHS = NO;
				CLANG_CXX_LANGUAGE_STANDARD = "gnu++0x";
				CLANG_CXX_LIBRARY = "libc++";
				CLANG_ENABLE_MODULES = YES;
				CLANG_ENABLE_OBJC_ARC = YES;
				CLANG_WARN_BOOL_CONVERSION = YES;
				CLANG_WARN_CONSTANT_CONVERSION = YES;
				CLANG_WARN_DIRECT_OBJC_ISA_USAGE = YES_ERROR;
				CLANG_WARN_EMPTY_BODY = YES;
				CLANG_WARN_ENUM_CONVERSION = YES;
				CLANG_WARN_INT_CONVERSION = YES;
				CLANG_WARN_OBJC_ROOT_CLASS = YES_ERROR;
				CLANG_WARN_UNREACHABLE_CODE = YES;
				CLANG_WARN__DUPLICATE_METHOD_MATCH = YES;
				"CODE_SIGN_IDENTITY[sdk=iphoneos*]" = "iPhone Developer";
				COPY_PHASE_STRIP = YES;
				CURRENT_PROJECT_VERSION = 1;
				ENABLE_NS_ASSERTIONS = NO;
				ENABLE_STRICT_OBJC_MSGSEND = YES;
				GCC_C_LANGUAGE_STANDARD = gnu99;
				GCC_WARN_64_TO_32_BIT_CONVERSION = YES;
				GCC_WARN_ABOUT_RETURN_TYPE = YES_ERROR;
				GCC_WARN_UNDECLARED_SELECTOR = YES;
				GCC_WARN_UNINITIALIZED_AUTOS = YES_AGGRESSIVE;
				GCC_WARN_UNUSED_FUNCTION = YES;
				GCC_WARN_UNUSED_VARIABLE = YES;
				HEADER_SEARCH_PATHS = (
					"$(inherited)",
					/Applications/Xcode.app/Contents/Developer/Toolchains/XcodeDefault.xctoolchain/usr/include,
					"$(SRCROOT)/vendor/libjpeg-turbo/include",
				);
				IPHONEOS_DEPLOYMENT_TARGET = 8.1;
				MTL_ENABLE_DEBUG_INFO = NO;
				SDKROOT = iphoneos;
				TARGETED_DEVICE_FAMILY = "1,2";
				VALIDATE_PRODUCT = YES;
				VERSIONING_SYSTEM = "apple-generic";
				VERSION_INFO_PREFIX = "";
			};
			name = Release;
		};
		A1441E461AADD59100973761 /* Debug */ = {
			isa = XCBuildConfiguration;
			buildSettings = {
				CLANG_ENABLE_MODULES = YES;
				DEFINES_MODULE = YES;
				DYLIB_COMPATIBILITY_VERSION = 1;
				DYLIB_CURRENT_VERSION = 1;
				DYLIB_INSTALL_NAME_BASE = "@rpath";
				INFOPLIST_FILE = Code/Info.plist;
				INSTALL_PATH = "$(LOCAL_LIBRARY_DIR)/Frameworks";
				LD_RUNPATH_SEARCH_PATHS = "$(inherited) @executable_path/Frameworks @loader_path/Frameworks";
				LIBRARY_SEARCH_PATHS = (
					"$(inherited)",
					"$(PROJECT_DIR)/vendor/libjpeg-turbo/lib",
				);
				PRODUCT_NAME = "$(TARGET_NAME)";
				SKIP_INSTALL = YES;
				SWIFT_OPTIMIZATION_LEVEL = "-Onone";
			};
			name = Debug;
		};
		A1441E471AADD59100973761 /* Release */ = {
			isa = XCBuildConfiguration;
			buildSettings = {
				CLANG_ENABLE_MODULES = YES;
				DEFINES_MODULE = YES;
				DYLIB_COMPATIBILITY_VERSION = 1;
				DYLIB_CURRENT_VERSION = 1;
				DYLIB_INSTALL_NAME_BASE = "@rpath";
				INFOPLIST_FILE = Code/Info.plist;
				INSTALL_PATH = "$(LOCAL_LIBRARY_DIR)/Frameworks";
				LD_RUNPATH_SEARCH_PATHS = "$(inherited) @executable_path/Frameworks @loader_path/Frameworks";
				LIBRARY_SEARCH_PATHS = (
					"$(inherited)",
					"$(PROJECT_DIR)/vendor/libjpeg-turbo/lib",
				);
				PRODUCT_NAME = "$(TARGET_NAME)";
				SKIP_INSTALL = YES;
			};
			name = Release;
		};
		A1441E491AADD59100973761 /* Debug */ = {
			isa = XCBuildConfiguration;
			baseConfigurationReference = 347B4509BA485E5DA43F0FD1 /* Pods-ConcordeTests.debug.xcconfig */;
			buildSettings = {
				FRAMEWORK_SEARCH_PATHS = (
					"$(SDKROOT)/Developer/Library/Frameworks",
					"$(inherited)",
				);
				GCC_PREPROCESSOR_DEFINITIONS = (
					"DEBUG=1",
					"$(inherited)",
				);
				INFOPLIST_FILE = Tests/Info.plist;
				LD_RUNPATH_SEARCH_PATHS = "$(inherited) @executable_path/Frameworks @loader_path/Frameworks";
				PRODUCT_NAME = "$(TARGET_NAME)";
			};
			name = Debug;
		};
		A1441E4A1AADD59100973761 /* Release */ = {
			isa = XCBuildConfiguration;
			baseConfigurationReference = F427F11F3590B252FFC22D6C /* Pods-ConcordeTests.release.xcconfig */;
			buildSettings = {
				FRAMEWORK_SEARCH_PATHS = (
					"$(SDKROOT)/Developer/Library/Frameworks",
					"$(inherited)",
				);
				INFOPLIST_FILE = Tests/Info.plist;
				LD_RUNPATH_SEARCH_PATHS = "$(inherited) @executable_path/Frameworks @loader_path/Frameworks";
				PRODUCT_NAME = "$(TARGET_NAME)";
			};
			name = Release;
		};
		A16BEE0D1AB042A80089C2FE /* Debug */ = {
			isa = XCBuildConfiguration;
			buildSettings = {
				ASSETCATALOG_COMPILER_APPICON_NAME = AppIcon;
				EMBEDDED_CONTENT_CONTAINS_SWIFT = YES;
				GCC_PREPROCESSOR_DEFINITIONS = (
					"DEBUG=1",
					"$(inherited)",
				);
				INFOPLIST_FILE = Example/Info.plist;
				IPHONEOS_DEPLOYMENT_TARGET = 8.0;
				LD_RUNPATH_SEARCH_PATHS = "$(inherited) @executable_path/Frameworks";
				PRODUCT_NAME = "$(TARGET_NAME)";
				TARGETED_DEVICE_FAMILY = 1;
			};
			name = Debug;
		};
		A16BEE0E1AB042A80089C2FE /* Release */ = {
			isa = XCBuildConfiguration;
			buildSettings = {
				ASSETCATALOG_COMPILER_APPICON_NAME = AppIcon;
				COPY_PHASE_STRIP = NO;
				EMBEDDED_CONTENT_CONTAINS_SWIFT = YES;
				INFOPLIST_FILE = Example/Info.plist;
				IPHONEOS_DEPLOYMENT_TARGET = 8.0;
				LD_RUNPATH_SEARCH_PATHS = "$(inherited) @executable_path/Frameworks";
				PRODUCT_NAME = "$(TARGET_NAME)";
				TARGETED_DEVICE_FAMILY = 1;
			};
			name = Release;
		};
/* End XCBuildConfiguration section */

/* Begin XCConfigurationList section */
		A1441E291AADD59100973761 /* Build configuration list for PBXProject "Concorde" */ = {
			isa = XCConfigurationList;
			buildConfigurations = (
				A1441E431AADD59100973761 /* Debug */,
				A1441E441AADD59100973761 /* Release */,
			);
			defaultConfigurationIsVisible = 0;
			defaultConfigurationName = Release;
		};
		A1441E451AADD59100973761 /* Build configuration list for PBXNativeTarget "Concorde" */ = {
			isa = XCConfigurationList;
			buildConfigurations = (
				A1441E461AADD59100973761 /* Debug */,
				A1441E471AADD59100973761 /* Release */,
			);
			defaultConfigurationIsVisible = 0;
			defaultConfigurationName = Release;
		};
		A1441E481AADD59100973761 /* Build configuration list for PBXNativeTarget "ConcordeTests" */ = {
			isa = XCConfigurationList;
			buildConfigurations = (
				A1441E491AADD59100973761 /* Debug */,
				A1441E4A1AADD59100973761 /* Release */,
			);
			defaultConfigurationIsVisible = 0;
			defaultConfigurationName = Release;
		};
		A16BEE111AB042A80089C2FE /* Build configuration list for PBXNativeTarget "Example" */ = {
			isa = XCConfigurationList;
			buildConfigurations = (
				A16BEE0D1AB042A80089C2FE /* Debug */,
				A16BEE0E1AB042A80089C2FE /* Release */,
			);
			defaultConfigurationIsVisible = 0;
		};
/* End XCConfigurationList section */
	};
	rootObject = A1441E261AADD59100973761 /* Project object */;
}
